// !$*UTF8*$!
{
	archiveVersion = 1;
	classes = {
	};
	objectVersion = 46;
	objects = {

/* Begin PBXBuildFile section */
		7C0139CCC3B910DF6D6D00D1 /* Pods.framework in Frameworks */ = {isa = PBXBuildFile; fileRef = 0FD19A7A2814E8D7AFA4A8E5 /* Pods.framework */; };
		80114A1E1C60A14B0087E572 /* AppDelegate.swift in Sources */ = {isa = PBXBuildFile; fileRef = 80114A1D1C60A14B0087E572 /* AppDelegate.swift */; };
		80114A231C60A14B0087E572 /* Main.storyboard in Resources */ = {isa = PBXBuildFile; fileRef = 80114A211C60A14B0087E572 /* Main.storyboard */; };
		80114A261C60A14B0087E572 /* SD_IOS_Cartable.xcdatamodeld in Sources */ = {isa = PBXBuildFile; fileRef = 80114A241C60A14B0087E572 /* SD_IOS_Cartable.xcdatamodeld */; };
		80114A281C60A14B0087E572 /* Assets.xcassets in Resources */ = {isa = PBXBuildFile; fileRef = 80114A271C60A14B0087E572 /* Assets.xcassets */; };
		80114A2B1C60A14B0087E572 /* LaunchScreen.storyboard in Resources */ = {isa = PBXBuildFile; fileRef = 80114A291C60A14B0087E572 /* LaunchScreen.storyboard */; };
		80114A5B1C60AC490087E572 /* MainViewController.swift in Sources */ = {isa = PBXBuildFile; fileRef = 80114A5A1C60AC490087E572 /* MainViewController.swift */; };
		80114A5E1C60B0AF0087E572 /* CardView.swift in Sources */ = {isa = PBXBuildFile; fileRef = 80114A5C1C60B0AF0087E572 /* CardView.swift */; };
		80114A5F1C60B0AF0087E572 /* Constans.swift in Sources */ = {isa = PBXBuildFile; fileRef = 80114A5D1C60B0AF0087E572 /* Constans.swift */; };
		80114A621C60C7300087E572 /* cartable.png in Resources */ = {isa = PBXBuildFile; fileRef = 80114A601C60C7300087E572 /* cartable.png */; };
		80114A631C60C7300087E572 /* shop.png in Resources */ = {isa = PBXBuildFile; fileRef = 80114A611C60C7300087E572 /* shop.png */; };
		80114A651C60C99F0087E572 /* BriefPersonDevicesViewController.swift in Sources */ = {isa = PBXBuildFile; fileRef = 80114A641C60C99F0087E572 /* BriefPersonDevicesViewController.swift */; };
		80114A671C60CB120087E572 /* PersonDeviceTableCell.xib in Resources */ = {isa = PBXBuildFile; fileRef = 80114A661C60CB120087E572 /* PersonDeviceTableCell.xib */; };
		80114A6A1C60CD430087E572 /* LoadingCell.xib in Resources */ = {isa = PBXBuildFile; fileRef = 80114A681C60CD430087E572 /* LoadingCell.xib */; };
		80114A6B1C60CD430087E572 /* NothingFoundCell.xib in Resources */ = {isa = PBXBuildFile; fileRef = 80114A691C60CD430087E572 /* NothingFoundCell.xib */; };
		80114A6F1C60D1290087E572 /* AuthenticationViewController.swift in Sources */ = {isa = PBXBuildFile; fileRef = 80114A6E1C60D1290087E572 /* AuthenticationViewController.swift */; };
		80114A711C60D2880087E572 /* MaterialTextField.swift in Sources */ = {isa = PBXBuildFile; fileRef = 80114A701C60D2880087E572 /* MaterialTextField.swift */; };
		801E90461C7C5F3600EABBC3 /* PersonDevicesModel.swift in Sources */ = {isa = PBXBuildFile; fileRef = 801E90451C7C5F3600EABBC3 /* PersonDevicesModel.swift */; };
		801E90481C7C771F00EABBC3 /* BriefPersonTableViewCell.swift in Sources */ = {isa = PBXBuildFile; fileRef = 801E90471C7C771F00EABBC3 /* BriefPersonTableViewCell.swift */; };
		803AE91A1C7D8B1000FA706E /* WorkGroupModel.swift in Sources */ = {isa = PBXBuildFile; fileRef = 803AE9191C7D8B1000FA706E /* WorkGroupModel.swift */; };
		803AE91C1C7D8C5800FA706E /* WorkGroupTableCell.xib in Resources */ = {isa = PBXBuildFile; fileRef = 803AE91B1C7D8C5800FA706E /* WorkGroupTableCell.xib */; };
		803AE91E1C7D8D4100FA706E /* WorkGroupTableViewCell.swift in Sources */ = {isa = PBXBuildFile; fileRef = 803AE91D1C7D8D4100FA706E /* WorkGroupTableViewCell.swift */; };
		803AE9201C7D8DFE00FA706E /* WorkGroupViewController.swift in Sources */ = {isa = PBXBuildFile; fileRef = 803AE91F1C7D8DFE00FA706E /* WorkGroupViewController.swift */; };
		80534C861C61DA2A00065AE3 /* SwiftyJSON.swift in Sources */ = {isa = PBXBuildFile; fileRef = 80534C851C61DA2A00065AE3 /* SwiftyJSON.swift */; };
		80534C881C61DAE400065AE3 /* AuthenticationModel.swift in Sources */ = {isa = PBXBuildFile; fileRef = 80534C871C61DAE400065AE3 /* AuthenticationModel.swift */; };
		80534C8A1C61E19500065AE3 /* Extentions.swift in Sources */ = {isa = PBXBuildFile; fileRef = 80534C891C61E19500065AE3 /* Extentions.swift */; };
		80534C8D1C61EB9B00065AE3 /* User+CoreDataProperties.swift in Sources */ = {isa = PBXBuildFile; fileRef = 80534C8B1C61EB9B00065AE3 /* User+CoreDataProperties.swift */; };
		80534C8E1C61EB9B00065AE3 /* User.swift in Sources */ = {isa = PBXBuildFile; fileRef = 80534C8C1C61EB9B00065AE3 /* User.swift */; };
		80534C901C61EC4B00065AE3 /* CoreData.framework in Frameworks */ = {isa = PBXBuildFile; fileRef = 80534C8F1C61EC4B00065AE3 /* CoreData.framework */; };
		80534C921C6203BB00065AE3 /* Messages.swift in Sources */ = {isa = PBXBuildFile; fileRef = 80534C911C6203BB00065AE3 /* Messages.swift */; };
/* End PBXBuildFile section */

/* Begin PBXFileReference section */
		0FD19A7A2814E8D7AFA4A8E5 /* Pods.framework */ = {isa = PBXFileReference; explicitFileType = wrapper.framework; includeInIndex = 0; path = Pods.framework; sourceTree = BUILT_PRODUCTS_DIR; };
		2BE78BA6A19C0FA72E80BADB /* Pods.debug.xcconfig */ = {isa = PBXFileReference; includeInIndex = 1; lastKnownFileType = text.xcconfig; name = Pods.debug.xcconfig; path = "Pods/Target Support Files/Pods/Pods.debug.xcconfig"; sourceTree = "<group>"; };
		80114A1A1C60A14B0087E572 /* SD-IOS-Cartable.app */ = {isa = PBXFileReference; explicitFileType = wrapper.application; includeInIndex = 0; path = "SD-IOS-Cartable.app"; sourceTree = BUILT_PRODUCTS_DIR; };
		80114A1D1C60A14B0087E572 /* AppDelegate.swift */ = {isa = PBXFileReference; lastKnownFileType = sourcecode.swift; path = AppDelegate.swift; sourceTree = "<group>"; };
		80114A221C60A14B0087E572 /* Base */ = {isa = PBXFileReference; lastKnownFileType = file.storyboard; name = Base; path = Base.lproj/Main.storyboard; sourceTree = "<group>"; };
		80114A251C60A14B0087E572 /* SD_IOS_Cartable.xcdatamodel */ = {isa = PBXFileReference; lastKnownFileType = wrapper.xcdatamodel; path = SD_IOS_Cartable.xcdatamodel; sourceTree = "<group>"; };
		80114A271C60A14B0087E572 /* Assets.xcassets */ = {isa = PBXFileReference; lastKnownFileType = folder.assetcatalog; path = Assets.xcassets; sourceTree = "<group>"; };
		80114A2A1C60A14B0087E572 /* Base */ = {isa = PBXFileReference; lastKnownFileType = file.storyboard; name = Base; path = Base.lproj/LaunchScreen.storyboard; sourceTree = "<group>"; };
		80114A2C1C60A14B0087E572 /* Info.plist */ = {isa = PBXFileReference; lastKnownFileType = text.plist.xml; path = Info.plist; sourceTree = "<group>"; };
		80114A5A1C60AC490087E572 /* MainViewController.swift */ = {isa = PBXFileReference; fileEncoding = 4; lastKnownFileType = sourcecode.swift; path = MainViewController.swift; sourceTree = "<group>"; };
		80114A5C1C60B0AF0087E572 /* CardView.swift */ = {isa = PBXFileReference; fileEncoding = 4; lastKnownFileType = sourcecode.swift; path = CardView.swift; sourceTree = "<group>"; };
		80114A5D1C60B0AF0087E572 /* Constans.swift */ = {isa = PBXFileReference; fileEncoding = 4; lastKnownFileType = sourcecode.swift; path = Constans.swift; sourceTree = "<group>"; };
		80114A601C60C7300087E572 /* cartable.png */ = {isa = PBXFileReference; lastKnownFileType = image.png; path = cartable.png; sourceTree = "<group>"; };
		80114A611C60C7300087E572 /* shop.png */ = {isa = PBXFileReference; lastKnownFileType = image.png; path = shop.png; sourceTree = "<group>"; };
		80114A641C60C99F0087E572 /* BriefPersonDevicesViewController.swift */ = {isa = PBXFileReference; fileEncoding = 4; lastKnownFileType = sourcecode.swift; path = BriefPersonDevicesViewController.swift; sourceTree = "<group>"; };
		80114A661C60CB120087E572 /* PersonDeviceTableCell.xib */ = {isa = PBXFileReference; fileEncoding = 4; lastKnownFileType = file.xib; path = PersonDeviceTableCell.xib; sourceTree = "<group>"; };
		80114A681C60CD430087E572 /* LoadingCell.xib */ = {isa = PBXFileReference; fileEncoding = 4; lastKnownFileType = file.xib; path = LoadingCell.xib; sourceTree = "<group>"; };
		80114A691C60CD430087E572 /* NothingFoundCell.xib */ = {isa = PBXFileReference; fileEncoding = 4; lastKnownFileType = file.xib; path = NothingFoundCell.xib; sourceTree = "<group>"; };
		80114A6E1C60D1290087E572 /* AuthenticationViewController.swift */ = {isa = PBXFileReference; fileEncoding = 4; lastKnownFileType = sourcecode.swift; path = AuthenticationViewController.swift; sourceTree = "<group>"; };
		80114A701C60D2880087E572 /* MaterialTextField.swift */ = {isa = PBXFileReference; fileEncoding = 4; lastKnownFileType = sourcecode.swift; path = MaterialTextField.swift; sourceTree = "<group>"; };
		801E90451C7C5F3600EABBC3 /* PersonDevicesModel.swift */ = {isa = PBXFileReference; fileEncoding = 4; lastKnownFileType = sourcecode.swift; path = PersonDevicesModel.swift; sourceTree = "<group>"; };
		801E90471C7C771F00EABBC3 /* BriefPersonTableViewCell.swift */ = {isa = PBXFileReference; fileEncoding = 4; lastKnownFileType = sourcecode.swift; path = BriefPersonTableViewCell.swift; sourceTree = "<group>"; };
		803AE9191C7D8B1000FA706E /* WorkGroupModel.swift */ = {isa = PBXFileReference; fileEncoding = 4; lastKnownFileType = sourcecode.swift; path = WorkGroupModel.swift; sourceTree = "<group>"; };
		803AE91B1C7D8C5800FA706E /* WorkGroupTableCell.xib */ = {isa = PBXFileReference; fileEncoding = 4; lastKnownFileType = file.xib; path = WorkGroupTableCell.xib; sourceTree = "<group>"; };
		803AE91D1C7D8D4100FA706E /* WorkGroupTableViewCell.swift */ = {isa = PBXFileReference; fileEncoding = 4; lastKnownFileType = sourcecode.swift; path = WorkGroupTableViewCell.swift; sourceTree = "<group>"; };
		803AE91F1C7D8DFE00FA706E /* WorkGroupViewController.swift */ = {isa = PBXFileReference; fileEncoding = 4; lastKnownFileType = sourcecode.swift; path = WorkGroupViewController.swift; sourceTree = "<group>"; };
		80534C851C61DA2A00065AE3 /* SwiftyJSON.swift */ = {isa = PBXFileReference; fileEncoding = 4; lastKnownFileType = sourcecode.swift; path = SwiftyJSON.swift; sourceTree = "<group>"; };
		80534C871C61DAE400065AE3 /* AuthenticationModel.swift */ = {isa = PBXFileReference; fileEncoding = 4; lastKnownFileType = sourcecode.swift; path = AuthenticationModel.swift; sourceTree = "<group>"; };
		80534C891C61E19500065AE3 /* Extentions.swift */ = {isa = PBXFileReference; fileEncoding = 4; lastKnownFileType = sourcecode.swift; path = Extentions.swift; sourceTree = "<group>"; };
		80534C8B1C61EB9B00065AE3 /* User+CoreDataProperties.swift */ = {isa = PBXFileReference; fileEncoding = 4; lastKnownFileType = sourcecode.swift; path = "User+CoreDataProperties.swift"; sourceTree = "<group>"; };
		80534C8C1C61EB9B00065AE3 /* User.swift */ = {isa = PBXFileReference; fileEncoding = 4; lastKnownFileType = sourcecode.swift; path = User.swift; sourceTree = "<group>"; };
		80534C8F1C61EC4B00065AE3 /* CoreData.framework */ = {isa = PBXFileReference; lastKnownFileType = wrapper.framework; name = CoreData.framework; path = System/Library/Frameworks/CoreData.framework; sourceTree = SDKROOT; };
		80534C911C6203BB00065AE3 /* Messages.swift */ = {isa = PBXFileReference; fileEncoding = 4; lastKnownFileType = sourcecode.swift; path = Messages.swift; sourceTree = "<group>"; };
		80534C931C6205B900065AE3 /* Parse.framework */ = {isa = PBXFileReference; lastKnownFileType = wrapper.framework; name = Parse.framework; path = "Pods/../build/Debug-iphoneos/Parse.framework"; sourceTree = "<group>"; };
		80534C951C62083B00065AE3 /* Parse.framework */ = {isa = PBXFileReference; lastKnownFileType = wrapper.framework; path = Parse.framework; sourceTree = "<group>"; };
		E152FB3029AA1C1E83CEDD15 /* Pods.release.xcconfig */ = {isa = PBXFileReference; includeInIndex = 1; lastKnownFileType = text.xcconfig; name = Pods.release.xcconfig; path = "Pods/Target Support Files/Pods/Pods.release.xcconfig"; sourceTree = "<group>"; };
/* End PBXFileReference section */

/* Begin PBXFrameworksBuildPhase section */
		80114A171C60A14B0087E572 /* Frameworks */ = {
			isa = PBXFrameworksBuildPhase;
			buildActionMask = 2147483647;
			files = (
				80534C901C61EC4B00065AE3 /* CoreData.framework in Frameworks */,
				7C0139CCC3B910DF6D6D00D1 /* Pods.framework in Frameworks */,
			);
			runOnlyForDeploymentPostprocessing = 0;
		};
/* End PBXFrameworksBuildPhase section */

/* Begin PBXGroup section */
		235E5C149312EE26A047821B /* Pods */ = {
			isa = PBXGroup;
			children = (
				2BE78BA6A19C0FA72E80BADB /* Pods.debug.xcconfig */,
				E152FB3029AA1C1E83CEDD15 /* Pods.release.xcconfig */,
			);
			name = Pods;
			sourceTree = "<group>";
		};
		80114A111C60A14B0087E572 = {
			isa = PBXGroup;
			children = (
				80114A1C1C60A14B0087E572 /* SD-IOS-Cartable */,
				80114A1B1C60A14B0087E572 /* Products */,
				235E5C149312EE26A047821B /* Pods */,
				B2157D54F34D51C449ECB1FA /* Frameworks */,
			);
			sourceTree = "<group>";
		};
		80114A1B1C60A14B0087E572 /* Products */ = {
			isa = PBXGroup;
			children = (
				80114A1A1C60A14B0087E572 /* SD-IOS-Cartable.app */,
			);
			name = Products;
			sourceTree = "<group>";
		};
		80114A1C1C60A14B0087E572 /* SD-IOS-Cartable */ = {
			isa = PBXGroup;
			children = (
				80114A591C60AC0D0087E572 /* Util */,
				80114A581C60AC030087E572 /* XIB */,
				80114A331C60A2330087E572 /* Controller */,
				80114A321C60A15E0087E572 /* Model */,
				80114A1D1C60A14B0087E572 /* AppDelegate.swift */,
				80114A211C60A14B0087E572 /* Main.storyboard */,
				80114A271C60A14B0087E572 /* Assets.xcassets */,
				80114A601C60C7300087E572 /* cartable.png */,
				80114A611C60C7300087E572 /* shop.png */,
				80114A291C60A14B0087E572 /* LaunchScreen.storyboard */,
				80114A2C1C60A14B0087E572 /* Info.plist */,
				80114A241C60A14B0087E572 /* SD_IOS_Cartable.xcdatamodeld */,
			);
			path = "SD-IOS-Cartable";
			sourceTree = "<group>";
		};
		80114A321C60A15E0087E572 /* Model */ = {
			isa = PBXGroup;
			children = (
				80534C8B1C61EB9B00065AE3 /* User+CoreDataProperties.swift */,
				80534C8C1C61EB9B00065AE3 /* User.swift */,
				80534C871C61DAE400065AE3 /* AuthenticationModel.swift */,
				801E90451C7C5F3600EABBC3 /* PersonDevicesModel.swift */,
				803AE9191C7D8B1000FA706E /* WorkGroupModel.swift */,
			);
			name = Model;
			sourceTree = "<group>";
		};
		80114A331C60A2330087E572 /* Controller */ = {
			isa = PBXGroup;
			children = (
				80114A5A1C60AC490087E572 /* MainViewController.swift */,
				80114A641C60C99F0087E572 /* BriefPersonDevicesViewController.swift */,
				80114A6E1C60D1290087E572 /* AuthenticationViewController.swift */,
				801E90471C7C771F00EABBC3 /* BriefPersonTableViewCell.swift */,
				803AE91D1C7D8D4100FA706E /* WorkGroupTableViewCell.swift */,
				803AE91F1C7D8DFE00FA706E /* WorkGroupViewController.swift */,
			);
			name = Controller;
			sourceTree = "<group>";
		};
		80114A581C60AC030087E572 /* XIB */ = {
			isa = PBXGroup;
			children = (
				80114A681C60CD430087E572 /* LoadingCell.xib */,
				80114A691C60CD430087E572 /* NothingFoundCell.xib */,
				80114A661C60CB120087E572 /* PersonDeviceTableCell.xib */,
				803AE91B1C7D8C5800FA706E /* WorkGroupTableCell.xib */,
			);
			name = XIB;
			sourceTree = "<group>";
		};
		80114A591C60AC0D0087E572 /* Util */ = {
			isa = PBXGroup;
			children = (
				80534C851C61DA2A00065AE3 /* SwiftyJSON.swift */,
				80114A701C60D2880087E572 /* MaterialTextField.swift */,
				80114A5C1C60B0AF0087E572 /* CardView.swift */,
				80114A5D1C60B0AF0087E572 /* Constans.swift */,
				80534C891C61E19500065AE3 /* Extentions.swift */,
				80534C911C6203BB00065AE3 /* Messages.swift */,
			);
			name = Util;
			sourceTree = "<group>";
		};
		B2157D54F34D51C449ECB1FA /* Frameworks */ = {
			isa = PBXGroup;
			children = (
				80534C951C62083B00065AE3 /* Parse.framework */,
				80534C931C6205B900065AE3 /* Parse.framework */,
				80534C8F1C61EC4B00065AE3 /* CoreData.framework */,
				0FD19A7A2814E8D7AFA4A8E5 /* Pods.framework */,
			);
			name = Frameworks;
			sourceTree = "<group>";
		};
/* End PBXGroup section */

/* Begin PBXNativeTarget section */
		80114A191C60A14B0087E572 /* SD-IOS-Cartable */ = {
			isa = PBXNativeTarget;
			buildConfigurationList = 80114A2F1C60A14B0087E572 /* Build configuration list for PBXNativeTarget "SD-IOS-Cartable" */;
			buildPhases = (
				D0ADDA8666B6525904B1F463 /* Check Pods Manifest.lock */,
				80114A161C60A14B0087E572 /* Sources */,
				80114A171C60A14B0087E572 /* Frameworks */,
				80114A181C60A14B0087E572 /* Resources */,
				4AB56880089E024948905D38 /* Embed Pods Frameworks */,
				8787F97CFF0E599096E76A63 /* Copy Pods Resources */,
			);
			buildRules = (
			);
			dependencies = (
			);
			name = "SD-IOS-Cartable";
			productName = "SD-IOS-Cartable";
			productReference = 80114A1A1C60A14B0087E572 /* SD-IOS-Cartable.app */;
			productType = "com.apple.product-type.application";
		};
/* End PBXNativeTarget section */

/* Begin PBXProject section */
		80114A121C60A14B0087E572 /* Project object */ = {
			isa = PBXProject;
			attributes = {
				LastUpgradeCheck = 0700;
				ORGANIZATIONNAME = "Ashkan Ghaderi";
				TargetAttributes = {
					80114A191C60A14B0087E572 = {
						CreatedOnToolsVersion = 7.0;
						DevelopmentTeam = XXZR5P8AB3;
					};
				};
			};
			buildConfigurationList = 80114A151C60A14B0087E572 /* Build configuration list for PBXProject "SD-IOS-Cartable" */;
			compatibilityVersion = "Xcode 3.2";
			developmentRegion = English;
			hasScannedForEncodings = 0;
			knownRegions = (
				en,
				Base,
			);
			mainGroup = 80114A111C60A14B0087E572;
			productRefGroup = 80114A1B1C60A14B0087E572 /* Products */;
			projectDirPath = "";
			projectRoot = "";
			targets = (
				80114A191C60A14B0087E572 /* SD-IOS-Cartable */,
			);
		};
/* End PBXProject section */

/* Begin PBXResourcesBuildPhase section */
		80114A181C60A14B0087E572 /* Resources */ = {
			isa = PBXResourcesBuildPhase;
			buildActionMask = 2147483647;
			files = (
				80114A6B1C60CD430087E572 /* NothingFoundCell.xib in Resources */,
				80114A6A1C60CD430087E572 /* LoadingCell.xib in Resources */,
				803AE91C1C7D8C5800FA706E /* WorkGroupTableCell.xib in Resources */,
				80114A2B1C60A14B0087E572 /* LaunchScreen.storyboard in Resources */,
				80114A671C60CB120087E572 /* PersonDeviceTableCell.xib in Resources */,
				80114A631C60C7300087E572 /* shop.png in Resources */,
				80114A621C60C7300087E572 /* cartable.png in Resources */,
				80114A281C60A14B0087E572 /* Assets.xcassets in Resources */,
				80114A231C60A14B0087E572 /* Main.storyboard in Resources */,
			);
			runOnlyForDeploymentPostprocessing = 0;
		};
/* End PBXResourcesBuildPhase section */

/* Begin PBXShellScriptBuildPhase section */
		4AB56880089E024948905D38 /* Embed Pods Frameworks */ = {
			isa = PBXShellScriptBuildPhase;
			buildActionMask = 2147483647;
			files = (
			);
			inputPaths = (
			);
			name = "Embed Pods Frameworks";
			outputPaths = (
			);
			runOnlyForDeploymentPostprocessing = 0;
			shellPath = /bin/sh;
			shellScript = "\"${SRCROOT}/Pods/Target Support Files/Pods/Pods-frameworks.sh\"\n";
			showEnvVarsInLog = 0;
		};
		8787F97CFF0E599096E76A63 /* Copy Pods Resources */ = {
			isa = PBXShellScriptBuildPhase;
			buildActionMask = 2147483647;
			files = (
			);
			inputPaths = (
			);
			name = "Copy Pods Resources";
			outputPaths = (
			);
			runOnlyForDeploymentPostprocessing = 0;
			shellPath = /bin/sh;
			shellScript = "\"${SRCROOT}/Pods/Target Support Files/Pods/Pods-resources.sh\"\n";
			showEnvVarsInLog = 0;
		};
		D0ADDA8666B6525904B1F463 /* Check Pods Manifest.lock */ = {
			isa = PBXShellScriptBuildPhase;
			buildActionMask = 2147483647;
			files = (
			);
			inputPaths = (
			);
			name = "Check Pods Manifest.lock";
			outputPaths = (
			);
			runOnlyForDeploymentPostprocessing = 0;
			shellPath = /bin/sh;
			shellScript = "diff \"${PODS_ROOT}/../Podfile.lock\" \"${PODS_ROOT}/Manifest.lock\" > /dev/null\nif [[ $? != 0 ]] ; then\n    cat << EOM\nerror: The sandbox is not in sync with the Podfile.lock. Run 'pod install' or update your CocoaPods installation.\nEOM\n    exit 1\nfi\n";
			showEnvVarsInLog = 0;
		};
/* End PBXShellScriptBuildPhase section */

/* Begin PBXSourcesBuildPhase section */
		80114A161C60A14B0087E572 /* Sources */ = {
			isa = PBXSourcesBuildPhase;
			buildActionMask = 2147483647;
			files = (
				80534C8E1C61EB9B00065AE3 /* User.swift in Sources */,
				80114A5B1C60AC490087E572 /* MainViewController.swift in Sources */,
				80534C881C61DAE400065AE3 /* AuthenticationModel.swift in Sources */,
				80534C921C6203BB00065AE3 /* Messages.swift in Sources */,
				80534C8D1C61EB9B00065AE3 /* User+CoreDataProperties.swift in Sources */,
				80114A261C60A14B0087E572 /* SD_IOS_Cartable.xcdatamodeld in Sources */,
				80534C8A1C61E19500065AE3 /* Extentions.swift in Sources */,
				801E90461C7C5F3600EABBC3 /* PersonDevicesModel.swift in Sources */,
				80114A711C60D2880087E572 /* MaterialTextField.swift in Sources */,
				80114A5F1C60B0AF0087E572 /* Constans.swift in Sources */,
				803AE91E1C7D8D4100FA706E /* WorkGroupTableViewCell.swift in Sources */,
				80114A6F1C60D1290087E572 /* AuthenticationViewController.swift in Sources */,
				803AE9201C7D8DFE00FA706E /* WorkGroupViewController.swift in Sources */,
				801E90481C7C771F00EABBC3 /* BriefPersonTableViewCell.swift in Sources */,
				80114A5E1C60B0AF0087E572 /* CardView.swift in Sources */,
				803AE91A1C7D8B1000FA706E /* WorkGroupModel.swift in Sources */,
				80534C861C61DA2A00065AE3 /* SwiftyJSON.swift in Sources */,
				80114A651C60C99F0087E572 /* BriefPersonDevicesViewController.swift in Sources */,
				80114A1E1C60A14B0087E572 /* AppDelegate.swift in Sources */,
			);
			runOnlyForDeploymentPostprocessing = 0;
		};
/* End PBXSourcesBuildPhase section */

/* Begin PBXVariantGroup section */
		80114A211C60A14B0087E572 /* Main.storyboard */ = {
			isa = PBXVariantGroup;
			children = (
				80114A221C60A14B0087E572 /* Base */,
			);
			name = Main.storyboard;
			sourceTree = "<group>";
		};
		80114A291C60A14B0087E572 /* LaunchScreen.storyboard */ = {
			isa = PBXVariantGroup;
			children = (
				80114A2A1C60A14B0087E572 /* Base */,
			);
			name = LaunchScreen.storyboard;
			sourceTree = "<group>";
		};
/* End PBXVariantGroup section */

/* Begin XCBuildConfiguration section */
		80114A2D1C60A14B0087E572 /* Debug */ = {
			isa = XCBuildConfiguration;
			buildSettings = {
				ALWAYS_SEARCH_USER_PATHS = NO;
				CLANG_CXX_LANGUAGE_STANDARD = "gnu++0x";
				CLANG_CXX_LIBRARY = "libc++";
				CLANG_ENABLE_MODULES = YES;
				CLANG_ENABLE_OBJC_ARC = YES;
				CLANG_WARN_BOOL_CONVERSION = YES;
				CLANG_WARN_CONSTANT_CONVERSION = YES;
				CLANG_WARN_DIRECT_OBJC_ISA_USAGE = YES_ERROR;
				CLANG_WARN_EMPTY_BODY = YES;
				CLANG_WARN_ENUM_CONVERSION = YES;
				CLANG_WARN_INT_CONVERSION = YES;
				CLANG_WARN_OBJC_ROOT_CLASS = YES_ERROR;
				CLANG_WARN_UNREACHABLE_CODE = YES;
				CLANG_WARN__DUPLICATE_METHOD_MATCH = YES;
				"CODE_SIGN_IDENTITY[sdk=iphoneos*]" = "iPhone Developer";
				COPY_PHASE_STRIP = NO;
				DEBUG_INFORMATION_FORMAT = dwarf;
				ENABLE_STRICT_OBJC_MSGSEND = YES;
				ENABLE_TESTABILITY = YES;
				GCC_C_LANGUAGE_STANDARD = gnu99;
				GCC_DYNAMIC_NO_PIC = NO;
				GCC_NO_COMMON_BLOCKS = YES;
				GCC_OPTIMIZATION_LEVEL = 0;
				GCC_PREPROCESSOR_DEFINITIONS = (
					"DEBUG=1",
					"$(inherited)",
				);
				GCC_WARN_64_TO_32_BIT_CONVERSION = YES;
				GCC_WARN_ABOUT_RETURN_TYPE = YES_ERROR;
				GCC_WARN_UNDECLARED_SELECTOR = YES;
				GCC_WARN_UNINITIALIZED_AUTOS = YES_AGGRESSIVE;
				GCC_WARN_UNUSED_FUNCTION = YES;
				GCC_WARN_UNUSED_VARIABLE = YES;
				IPHONEOS_DEPLOYMENT_TARGET = 9.0;
				MTL_ENABLE_DEBUG_INFO = YES;
				ONLY_ACTIVE_ARCH = YES;
				SDKROOT = iphoneos;
				SWIFT_OPTIMIZATION_LEVEL = "-Onone";
			};
			name = Debug;
		};
		80114A2E1C60A14B0087E572 /* Release */ = {
			isa = XCBuildConfiguration;
			buildSettings = {
				ALWAYS_SEARCH_USER_PATHS = NO;
				CLANG_CXX_LANGUAGE_STANDARD = "gnu++0x";
				CLANG_CXX_LIBRARY = "libc++";
				CLANG_ENABLE_MODULES = YES;
				CLANG_ENABLE_OBJC_ARC = YES;
				CLANG_WARN_BOOL_CONVERSION = YES;
				CLANG_WARN_CONSTANT_CONVERSION = YES;
				CLANG_WARN_DIRECT_OBJC_ISA_USAGE = YES_ERROR;
				CLANG_WARN_EMPTY_BODY = YES;
				CLANG_WARN_ENUM_CONVERSION = YES;
				CLANG_WARN_INT_CONVERSION = YES;
				CLANG_WARN_OBJC_ROOT_CLASS = YES_ERROR;
				CLANG_WARN_UNREACHABLE_CODE = YES;
				CLANG_WARN__DUPLICATE_METHOD_MATCH = YES;
				"CODE_SIGN_IDENTITY[sdk=iphoneos*]" = "iPhone Developer";
				COPY_PHASE_STRIP = NO;
				DEBUG_INFORMATION_FORMAT = "dwarf-with-dsym";
				ENABLE_NS_ASSERTIONS = NO;
				ENABLE_STRICT_OBJC_MSGSEND = YES;
				GCC_C_LANGUAGE_STANDARD = gnu99;
				GCC_NO_COMMON_BLOCKS = YES;
				GCC_WARN_64_TO_32_BIT_CONVERSION = YES;
				GCC_WARN_ABOUT_RETURN_TYPE = YES_ERROR;
				GCC_WARN_UNDECLARED_SELECTOR = YES;
				GCC_WARN_UNINITIALIZED_AUTOS = YES_AGGRESSIVE;
				GCC_WARN_UNUSED_FUNCTION = YES;
				GCC_WARN_UNUSED_VARIABLE = YES;
				IPHONEOS_DEPLOYMENT_TARGET = 9.0;
				MTL_ENABLE_DEBUG_INFO = NO;
				SDKROOT = iphoneos;
				VALIDATE_PRODUCT = YES;
			};
			name = Release;
		};
		80114A301C60A14B0087E572 /* Debug */ = {
			isa = XCBuildConfiguration;
			baseConfigurationReference = 2BE78BA6A19C0FA72E80BADB /* Pods.debug.xcconfig */;
			buildSettings = {
				ASSETCATALOG_COMPILER_APPICON_NAME = AppIcon;
				CODE_SIGN_IDENTITY = "iPhone Developer";
				"CODE_SIGN_IDENTITY[sdk=iphoneos*]" = "iPhone Developer";
				FRAMEWORK_SEARCH_PATHS = (
					"$(inherited)",
					"$(PROJECT_DIR)/build/Debug-iphoneos",
					"$(PROJECT_DIR)",
				);
				INFOPLIST_FILE = "SD-IOS-Cartable/Info.plist";
				LD_RUNPATH_SEARCH_PATHS = "$(inherited) @executable_path/Frameworks";
				PRODUCT_BUNDLE_IDENTIFIER = Home.c;
				PRODUCT_MODULE_NAME = "$(PRODUCT_NAME:c99extidentifier)";
				PRODUCT_NAME = "SD-IOS-Cartable";
				PROVISIONING_PROFILE = "";
			};
			name = Debug;
		};
		80114A311C60A14B0087E572 /* Release */ = {
			isa = XCBuildConfiguration;
			baseConfigurationReference = E152FB3029AA1C1E83CEDD15 /* Pods.release.xcconfig */;
			buildSettings = {
				ASSETCATALOG_COMPILER_APPICON_NAME = AppIcon;
				CODE_SIGN_IDENTITY = "iPhone Developer";
				"CODE_SIGN_IDENTITY[sdk=iphoneos*]" = "iPhone Developer";
				FRAMEWORK_SEARCH_PATHS = (
					"$(inherited)",
					"$(PROJECT_DIR)/build/Debug-iphoneos",
					"$(PROJECT_DIR)",
				);
				INFOPLIST_FILE = "SD-IOS-Cartable/Info.plist";
				LD_RUNPATH_SEARCH_PATHS = "$(inherited) @executable_path/Frameworks";
				PRODUCT_BUNDLE_IDENTIFIER = Home.c;
				PRODUCT_MODULE_NAME = "$(PRODUCT_NAME:c99extidentifier)";
				PRODUCT_NAME = "SD-IOS-Cartable";
				PROVISIONING_PROFILE = "";
			};
			name = Release;
		};
/* End XCBuildConfiguration section */

/* Begin XCConfigurationList section */
		80114A151C60A14B0087E572 /* Build configuration list for PBXProject "SD-IOS-Cartable" */ = {
			isa = XCConfigurationList;
			buildConfigurations = (
				80114A2D1C60A14B0087E572 /* Debug */,
				80114A2E1C60A14B0087E572 /* Release */,
			);
			defaultConfigurationIsVisible = 0;
			defaultConfigurationName = Release;
		};
		80114A2F1C60A14B0087E572 /* Build configuration list for PBXNativeTarget "SD-IOS-Cartable" */ = {
			isa = XCConfigurationList;
			buildConfigurations = (
				80114A301C60A14B0087E572 /* Debug */,
				80114A311C60A14B0087E572 /* Release */,
			);
			defaultConfigurationIsVisible = 0;
			defaultConfigurationName = Release;
		};
/* End XCConfigurationList section */

/* Begin XCVersionGroup section */
		80114A241C60A14B0087E572 /* SD_IOS_Cartable.xcdatamodeld */ = {
			isa = XCVersionGroup;
			children = (
				80114A251C60A14B0087E572 /* SD_IOS_Cartable.xcdatamodel */,
			);
			currentVersion = 80114A251C60A14B0087E572 /* SD_IOS_Cartable.xcdatamodel */;
			path = SD_IOS_Cartable.xcdatamodeld;
			sourceTree = "<group>";
			versionGroupType = wrapper.xcdatamodel;
		};
/* End XCVersionGroup section */
	};
	rootObject = 80114A121C60A14B0087E572 /* Project object */;
}
